
Microsoft Visual Studio Solution File, Format Version 12.00
# Visual Studio Version 16
VisualStudioVersion = 16.0.29409.12
MinimumVisualStudioVersion = 10.0.40219.1
Project("{9092AA53-FB77-4645-B42D-1CCCA6BD08BD}") = "ReportForm", "ReportForm\ReportForm.njsproj", "{0E2E001F-768E-427E-B7A6-5241795BA14D}"
EndProject
Global
	GlobalSection(SolutionConfigurationPlatforms) = preSolution
		Debug|Any CPU = Debug|Any CPU
		Release|Any CPU = Release|Any CPU
	EndGlobalSection
	GlobalSection(ProjectConfigurationPlatforms) = postSolution
		{0E2E001F-768E-427E-B7A6-5241795BA14D}.Debug|Any CPU.ActiveCfg = Debug|Any CPU
		{0E2E001F-768E-427E-B7A6-5241795BA14D}.Debug|Any CPU.Build.0 = Debug|Any CPU
		{0E2E001F-768E-427E-B7A6-5241795BA14D}.Release|Any CPU.ActiveCfg = Release|Any CPU
		{0E2E001F-768E-427E-B7A6-5241795BA14D}.Release|Any CPU.Build.0 = Release|Any CPU
	EndGlobalSection
	GlobalSection(SolutionProperties) = preSolution
		HideSolutionNode = FALSE
	EndGlobalSection
	GlobalSection(ExtensibilityGlobals) = postSolution
		SolutionGuid = {C270652D-87F7-4ED1-ADBC-39ED6881CD86}
	EndGlobalSection
EndGlobal
