
Microsoft Visual Studio Solution File, Format Version 12.00
# Visual Studio Version 16
VisualStudioVersion = 16.0.29409.12
MinimumVisualStudioVersion = 10.0.40219.1
Project("{FAE04EC0-301F-11D3-BF4B-00C04F79EFBC}") = "Core.NET", "Core.NET\Core.NET.csproj", "{2981DB06-1D35-4D47-9A1D-9F0036F644E6}"
EndProject
Project("{FAE04EC0-301F-11D3-BF4B-00C04F79EFBC}") = "ChunithmClientViewer", "ChunithmClientViewer\ChunithmClientViewer.csproj", "{F8B0A431-41DA-418F-B962-DC875140B745}"
EndProject
Project("{FAE04EC0-301F-11D3-BF4B-00C04F79EFBC}") = "ChunithmMusicDataTableCreator", "ChunithmMusicDataTableCreator\ChunithmMusicDataTableCreator.csproj", "{655953AC-5005-458E-95BF-18A866066002}"
EndProject
Project("{9A19103F-16F7-4668-BE54-9A1E7A4F7556}") = "ChunithmMusicDataTableUpdater", "ChunithmMusicDataTableUpdater\ChunithmMusicDataTableUpdater.csproj", "{DB4657C8-A50A-47F4-99F7-206DB02A9987}"
EndProject
Project("{FAE04EC0-301F-11D3-BF4B-00C04F79EFBC}") = "ChunithmNetConnetorTest", "ChunithmNetConnetorTest\ChunithmNetConnetorTest.csproj", "{A0C1FAF1-0C2E-464B-8885-FEEA7BD64D39}"
EndProject
Project("{FAE04EC0-301F-11D3-BF4B-00C04F79EFBC}") = "Core.NET_UnitTest", "Core.NET_UnitTest\Core.NET_UnitTest.csproj", "{AB8933F9-DDE0-4CFF-8EC1-BD1724098AD8}"
EndProject
Project("{FAE04EC0-301F-11D3-BF4B-00C04F79EFBC}") = "GasDataManagerConnectorTest", "GasDataManagerConnectorTest\GasDataManagerConnectorTest.csproj", "{CEE7F211-DDFB-4561-9E7A-AC71B22ED2D2}"
EndProject
Project("{9A19103F-16F7-4668-BE54-9A1E7A4F7556}") = "HatenaBlogDeployer", "HatenaBlogDeployer\HatenaBlogDeployer.csproj", "{FAE5A0CA-E832-438F-BC98-241C4E152799}"
EndProject
Project("{9A19103F-16F7-4668-BE54-9A1E7A4F7556}") = "HatenaBlogTableOutput", "HatenaBlogTableOutput\HatenaBlogTableOutput.csproj", "{DC146B31-0A68-465D-84C9-DDC629DA7C56}"
EndProject
Project("{FAE04EC0-301F-11D3-BF4B-00C04F79EFBC}") = "RecentSimulator", "RecentSimulator\RecentSimulator.csproj", "{2BFAE482-7900-4D29-A4D9-385ED6EA0918}"
EndProject
Global
	GlobalSection(SolutionConfigurationPlatforms) = preSolution
		Debug|Any CPU = Debug|Any CPU
		Release|Any CPU = Release|Any CPU
	EndGlobalSection
	GlobalSection(ProjectConfigurationPlatforms) = postSolution
		{2981DB06-1D35-4D47-9A1D-9F0036F644E6}.Debug|Any CPU.ActiveCfg = Debug|Any CPU
		{2981DB06-1D35-4D47-9A1D-9F0036F644E6}.Debug|Any CPU.Build.0 = Debug|Any CPU
		{2981DB06-1D35-4D47-9A1D-9F0036F644E6}.Release|Any CPU.ActiveCfg = Release|Any CPU
		{2981DB06-1D35-4D47-9A1D-9F0036F644E6}.Release|Any CPU.Build.0 = Release|Any CPU
		{F8B0A431-41DA-418F-B962-DC875140B745}.Debug|Any CPU.ActiveCfg = Debug|Any CPU
		{F8B0A431-41DA-418F-B962-DC875140B745}.Debug|Any CPU.Build.0 = Debug|Any CPU
		{F8B0A431-41DA-418F-B962-DC875140B745}.Release|Any CPU.ActiveCfg = Release|Any CPU
		{F8B0A431-41DA-418F-B962-DC875140B745}.Release|Any CPU.Build.0 = Release|Any CPU
		{655953AC-5005-458E-95BF-18A866066002}.Debug|Any CPU.ActiveCfg = Debug|Any CPU
		{655953AC-5005-458E-95BF-18A866066002}.Debug|Any CPU.Build.0 = Debug|Any CPU
		{655953AC-5005-458E-95BF-18A866066002}.Release|Any CPU.ActiveCfg = Release|Any CPU
		{655953AC-5005-458E-95BF-18A866066002}.Release|Any CPU.Build.0 = Release|Any CPU
		{DB4657C8-A50A-47F4-99F7-206DB02A9987}.Debug|Any CPU.ActiveCfg = Debug|Any CPU
		{DB4657C8-A50A-47F4-99F7-206DB02A9987}.Debug|Any CPU.Build.0 = Debug|Any CPU
		{DB4657C8-A50A-47F4-99F7-206DB02A9987}.Release|Any CPU.ActiveCfg = Release|Any CPU
		{DB4657C8-A50A-47F4-99F7-206DB02A9987}.Release|Any CPU.Build.0 = Release|Any CPU
		{A0C1FAF1-0C2E-464B-8885-FEEA7BD64D39}.Debug|Any CPU.ActiveCfg = Debug|Any CPU
		{A0C1FAF1-0C2E-464B-8885-FEEA7BD64D39}.Debug|Any CPU.Build.0 = Debug|Any CPU
		{A0C1FAF1-0C2E-464B-8885-FEEA7BD64D39}.Release|Any CPU.ActiveCfg = Release|Any CPU
		{A0C1FAF1-0C2E-464B-8885-FEEA7BD64D39}.Release|Any CPU.Build.0 = Release|Any CPU
		{AB8933F9-DDE0-4CFF-8EC1-BD1724098AD8}.Debug|Any CPU.ActiveCfg = Debug|Any CPU
		{AB8933F9-DDE0-4CFF-8EC1-BD1724098AD8}.Debug|Any CPU.Build.0 = Debug|Any CPU
		{AB8933F9-DDE0-4CFF-8EC1-BD1724098AD8}.Release|Any CPU.ActiveCfg = Release|Any CPU
		{AB8933F9-DDE0-4CFF-8EC1-BD1724098AD8}.Release|Any CPU.Build.0 = Release|Any CPU
		{CEE7F211-DDFB-4561-9E7A-AC71B22ED2D2}.Debug|Any CPU.ActiveCfg = Debug|Any CPU
		{CEE7F211-DDFB-4561-9E7A-AC71B22ED2D2}.Debug|Any CPU.Build.0 = Debug|Any CPU
		{CEE7F211-DDFB-4561-9E7A-AC71B22ED2D2}.Release|Any CPU.ActiveCfg = Release|Any CPU
		{CEE7F211-DDFB-4561-9E7A-AC71B22ED2D2}.Release|Any CPU.Build.0 = Release|Any CPU
		{FAE5A0CA-E832-438F-BC98-241C4E152799}.Debug|Any CPU.ActiveCfg = Debug|Any CPU
		{FAE5A0CA-E832-438F-BC98-241C4E152799}.Debug|Any CPU.Build.0 = Debug|Any CPU
		{FAE5A0CA-E832-438F-BC98-241C4E152799}.Release|Any CPU.ActiveCfg = Release|Any CPU
		{FAE5A0CA-E832-438F-BC98-241C4E152799}.Release|Any CPU.Build.0 = Release|Any CPU
		{DC146B31-0A68-465D-84C9-DDC629DA7C56}.Debug|Any CPU.ActiveCfg = Debug|Any CPU
		{DC146B31-0A68-465D-84C9-DDC629DA7C56}.Debug|Any CPU.Build.0 = Debug|Any CPU
		{DC146B31-0A68-465D-84C9-DDC629DA7C56}.Release|Any CPU.ActiveCfg = Release|Any CPU
		{DC146B31-0A68-465D-84C9-DDC629DA7C56}.Release|Any CPU.Build.0 = Release|Any CPU
		{2BFAE482-7900-4D29-A4D9-385ED6EA0918}.Debug|Any CPU.ActiveCfg = Debug|Any CPU
		{2BFAE482-7900-4D29-A4D9-385ED6EA0918}.Debug|Any CPU.Build.0 = Debug|Any CPU
		{2BFAE482-7900-4D29-A4D9-385ED6EA0918}.Release|Any CPU.ActiveCfg = Release|Any CPU
		{2BFAE482-7900-4D29-A4D9-385ED6EA0918}.Release|Any CPU.Build.0 = Release|Any CPU
	EndGlobalSection
	GlobalSection(SolutionProperties) = preSolution
		HideSolutionNode = FALSE
	EndGlobalSection
	GlobalSection(ExtensibilityGlobals) = postSolution
		SolutionGuid = {4BA9007B-010F-416B-AA5C-097214EA56E9}
	EndGlobalSection
EndGlobal
